
Microsoft Visual Studio Solution File, Format Version 12.00
Project("{FAE04EC0-301F-11D3-BF4B-00C04F79EFBC}") = "Runner", "Runner\Runner.csproj", "{B6DA176E-1EAE-4D26-A21F-69E32D8747FF}"
EndProject
Project("{2150E333-8FDC-42A3-9474-1A3956D46DE8}") = "Solution files", "Solution files", "{FF304663-7153-4FAB-94B6-41572284D56E}"
	ProjectSection(SolutionItems) = preProject
		README.md = README.md
	EndProjectSection
EndProject
Project("{2150E333-8FDC-42A3-9474-1A3956D46DE8}") = "Days", "Days", "{B83C7EA8-E311-420D-BA7F-DCED2BAA1D1A}"
EndProject
Project("{FAE04EC0-301F-11D3-BF4B-00C04F79EFBC}") = "Day1", "Days\Day1\Day1.csproj", "{E70F91B8-8C27-4E9C-BC59-832F33F36219}"
EndProject
Project("{FAE04EC0-301F-11D3-BF4B-00C04F79EFBC}") = "Shared", "Shared\Shared.csproj", "{EF23E049-D9B0-432C-9FA3-733543883792}"
EndProject
Project("{FAE04EC0-301F-11D3-BF4B-00C04F79EFBC}") = "Day2", "Days\Day2\Day2.csproj", "{4A86786F-869B-4BE2-977F-C82C3E80D292}"
EndProject
Global
	GlobalSection(SolutionConfigurationPlatforms) = preSolution
		Debug|Any CPU = Debug|Any CPU
		Release|Any CPU = Release|Any CPU
	EndGlobalSection
	GlobalSection(ProjectConfigurationPlatforms) = postSolution
		{B6DA176E-1EAE-4D26-A21F-69E32D8747FF}.Debug|Any CPU.ActiveCfg = Debug|Any CPU
		{B6DA176E-1EAE-4D26-A21F-69E32D8747FF}.Debug|Any CPU.Build.0 = Debug|Any CPU
		{B6DA176E-1EAE-4D26-A21F-69E32D8747FF}.Release|Any CPU.ActiveCfg = Release|Any CPU
		{B6DA176E-1EAE-4D26-A21F-69E32D8747FF}.Release|Any CPU.Build.0 = Release|Any CPU
		{E70F91B8-8C27-4E9C-BC59-832F33F36219}.Debug|Any CPU.ActiveCfg = Debug|Any CPU
		{E70F91B8-8C27-4E9C-BC59-832F33F36219}.Debug|Any CPU.Build.0 = Debug|Any CPU
		{E70F91B8-8C27-4E9C-BC59-832F33F36219}.Release|Any CPU.ActiveCfg = Release|Any CPU
		{E70F91B8-8C27-4E9C-BC59-832F33F36219}.Release|Any CPU.Build.0 = Release|Any CPU
		{EF23E049-D9B0-432C-9FA3-733543883792}.Debug|Any CPU.ActiveCfg = Debug|Any CPU
		{EF23E049-D9B0-432C-9FA3-733543883792}.Debug|Any CPU.Build.0 = Debug|Any CPU
		{EF23E049-D9B0-432C-9FA3-733543883792}.Release|Any CPU.ActiveCfg = Release|Any CPU
		{EF23E049-D9B0-432C-9FA3-733543883792}.Release|Any CPU.Build.0 = Release|Any CPU
		{4A86786F-869B-4BE2-977F-C82C3E80D292}.Debug|Any CPU.ActiveCfg = Debug|Any CPU
		{4A86786F-869B-4BE2-977F-C82C3E80D292}.Debug|Any CPU.Build.0 = Debug|Any CPU
		{4A86786F-869B-4BE2-977F-C82C3E80D292}.Release|Any CPU.ActiveCfg = Release|Any CPU
		{4A86786F-869B-4BE2-977F-C82C3E80D292}.Release|Any CPU.Build.0 = Release|Any CPU
	EndGlobalSection
	GlobalSection(NestedProjects) = preSolution
		{E70F91B8-8C27-4E9C-BC59-832F33F36219} = {B83C7EA8-E311-420D-BA7F-DCED2BAA1D1A}
		{4A86786F-869B-4BE2-977F-C82C3E80D292} = {B83C7EA8-E311-420D-BA7F-DCED2BAA1D1A}
	EndGlobalSection
EndGlobal
